
Microsoft Visual Studio Solution File, Format Version 12.00
Project("{FAE04EC0-301F-11D3-BF4B-00C04F79EFBC}") = "ExamProject", "ExamProject.csproj", "{BBCDC7A3-E0A3-457D-A02F-9B9B07E6F6E1}"
EndProject
Global
	GlobalSection(SolutionConfigurationPlatforms) = preSolution
		Debug|Any CPU = Debug|Any CPU
		Release|Any CPU = Release|Any CPU
	EndGlobalSection
	GlobalSection(ProjectConfigurationPlatforms) = postSolution
		{BBCDC7A3-E0A3-457D-A02F-9B9B07E6F6E1}.Debug|Any CPU.ActiveCfg = Debug|Any CPU
		{BBCDC7A3-E0A3-457D-A02F-9B9B07E6F6E1}.Debug|Any CPU.Build.0 = Debug|Any CPU
		{BBCDC7A3-E0A3-457D-A02F-9B9B07E6F6E1}.Release|Any CPU.ActiveCfg = Release|Any CPU
		{BBCDC7A3-E0A3-457D-A02F-9B9B07E6F6E1}.Release|Any CPU.Build.0 = Release|Any CPU
	EndGlobalSection
EndGlobal
